# This file was autogenerated by Stack.
# You should not edit this file by hand.
# For more information, please see the documentation at:
#   https://docs.haskellstack.org/en/stable/lock_files

packages:
- completed:
    hackage: inline-r-0.10.4@sha256:a0497f326b48e1446b29a865348de4ded9950ed3621f8ce68703b84db3a64171,7934
    pantry-tree:
      size: 4455
      sha256: 2beaf71508edf64ef5047302b23161054ed4e7d6dbaf87200c4807a2554db274
  original:
    hackage: inline-r-0.10.4@sha256:a0497f326b48e1446b29a865348de4ded9950ed3621f8ce68703b84db3a64171,7934
snapshots:
- completed:
    size: 532386
    url: https://raw.githubusercontent.com/commercialhaskell/stackage-snapshots/master/lts/16/17.yaml
    sha256: d3ee1ae797cf63189c95cf27f00700304946c5cb3c1e6a82001cd6584a221e1b
  original: lts-16.17
